# This file is automatically @generated by Cargo.
# It is not intended for manual editing.
version = 4

[[package]]
name = "allegro"
version = "0.0.48"
source = "registry+https://github.com/rust-lang/crates.io-index"
checksum = "172061d247855472f82026ef75300e8c0fa9dc8ab5e9c8f302c73a39b65738e5"
dependencies = [
 "allegro-sys",
 "allegro_util",
 "lazy_static",
 "libc",
]

[[package]]
name = "allegro-sys"
version = "0.0.48"
source = "registry+https://github.com/rust-lang/crates.io-index"
checksum = "189f2a20dcd1889a6020ea8076efcda4a590980ef9a2156d59709de69a369823"
dependencies = [
 "allegro_util",
 "libc",
]

[[package]]
name = "allegro_image"
version = "0.0.48"
source = "registry+https://github.com/rust-lang/crates.io-index"
checksum = "c9e4248dc4582871be849933d40ee297e7122ae85936885e5a837c605d9c4cc4"
dependencies = [
 "allegro",
 "allegro_image-sys",
 "allegro_util",
 "libc",
]

[[package]]
name = "allegro_image-sys"
version = "0.0.48"
source = "registry+https://github.com/rust-lang/crates.io-index"
checksum = "521c28f73a303fb9a4ac42f9158fcfc6a2bdb4bf2fff31797b5f7e5e6f76bb13"
dependencies = [
 "allegro_util",
 "libc",
]

[[package]]
name = "allegro_util"
version = "0.0.48"
source = "registry+https://github.com/rust-lang/crates.io-index"
checksum = "4096d2867287912f61631ae1020124dc0e54bf9ae0397201541bf7706b1ae9fe"
dependencies = [
 "libc",
]

[[package]]
name = "lazy_static"
version = "1.4.0"
source = "registry+https://github.com/rust-lang/crates.io-index"
checksum = "e2abad23fbc42b3700f2f279844dc832adb2b2eb069b2df918f455c4e18cc646"

[[package]]
name = "libc"
version = "0.2.171"
source = "registry+https://github.com/rust-lang/crates.io-index"
checksum = "c19937216e9d3aa9956d9bb8dfc0b0c8beb6058fc4f7a4dc4d850edf86a237d6"

[[package]]
name = "mospace"
version = "0.1.0"
dependencies = [
 "allegro",
 "allegro_image",
]
